
Microsoft Visual Studio Solution File, Format Version 12.00
# Visual Studio Version 17
VisualStudioVersion = 17.11.35327.3
MinimumVisualStudioVersion = 10.0.40219.1
Project("{FAE04EC0-301F-11D3-BF4B-00C04F79EFBC}") = "ServiceControl.API", "ServiceControl.API\ServiceControl.API.csproj", "{3AF04C27-10F1-4AC7-98DB-1094C0D78210}"
EndProject
Project("{FAE04EC0-301F-11D3-BF4B-00C04F79EFBC}") = "ServiceControl.Application", "ServiceControl.Application\ServiceControl.Application.csproj", "{9FA21B48-A65D-42AB-800F-4B9DDAEDEA12}"
EndProject
Project("{FAE04EC0-301F-11D3-BF4B-00C04F79EFBC}") = "ServiceControl.Domain", "ServiceControl.Domain\ServiceControl.Domain.csproj", "{B9FBB097-F8B1-48DF-A88A-B56FF81C5A67}"
EndProject
Project("{FAE04EC0-301F-11D3-BF4B-00C04F79EFBC}") = "ServiceControl.Infrastructure", "ServiceControl.Infrastructure\ServiceControl.Infrastructure.csproj", "{37EDF22B-0C75-4EC2-8390-19E484209FB7}"
EndProject
Project("{FAE04EC0-301F-11D3-BF4B-00C04F79EFBC}") = "ServiceControl.Tests", "ServiceControl.Tests\ServiceControl.Tests.csproj", "{BD0219C0-6885-4C45-B854-C1BA30CEB3C5}"
EndProject
Project("{2150E333-8FDC-42A3-9474-1A3956D46DE8}") = "docker", "docker", "{6FC3D39E-4EB5-4D10-9568-8866B5418B64}"
	ProjectSection(SolutionItems) = preProject
		.dockerignore = .dockerignore
		docker-compose.yml = docker-compose.yml
		ServiceControl.API\Dockerfile = ServiceControl.API\Dockerfile
	EndProjectSection
EndProject
Global
	GlobalSection(SolutionConfigurationPlatforms) = preSolution
		Debug|Any CPU = Debug|Any CPU
		Release|Any CPU = Release|Any CPU
	EndGlobalSection
	GlobalSection(ProjectConfigurationPlatforms) = postSolution
		{3AF04C27-10F1-4AC7-98DB-1094C0D78210}.Debug|Any CPU.ActiveCfg = Debug|Any CPU
		{3AF04C27-10F1-4AC7-98DB-1094C0D78210}.Debug|Any CPU.Build.0 = Debug|Any CPU
		{3AF04C27-10F1-4AC7-98DB-1094C0D78210}.Release|Any CPU.ActiveCfg = Release|Any CPU
		{3AF04C27-10F1-4AC7-98DB-1094C0D78210}.Release|Any CPU.Build.0 = Release|Any CPU
		{9FA21B48-A65D-42AB-800F-4B9DDAEDEA12}.Debug|Any CPU.ActiveCfg = Debug|Any CPU
		{9FA21B48-A65D-42AB-800F-4B9DDAEDEA12}.Debug|Any CPU.Build.0 = Debug|Any CPU
		{9FA21B48-A65D-42AB-800F-4B9DDAEDEA12}.Release|Any CPU.ActiveCfg = Release|Any CPU
		{9FA21B48-A65D-42AB-800F-4B9DDAEDEA12}.Release|Any CPU.Build.0 = Release|Any CPU
		{B9FBB097-F8B1-48DF-A88A-B56FF81C5A67}.Debug|Any CPU.ActiveCfg = Debug|Any CPU
		{B9FBB097-F8B1-48DF-A88A-B56FF81C5A67}.Debug|Any CPU.Build.0 = Debug|Any CPU
		{B9FBB097-F8B1-48DF-A88A-B56FF81C5A67}.Release|Any CPU.ActiveCfg = Release|Any CPU
		{B9FBB097-F8B1-48DF-A88A-B56FF81C5A67}.Release|Any CPU.Build.0 = Release|Any CPU
		{37EDF22B-0C75-4EC2-8390-19E484209FB7}.Debug|Any CPU.ActiveCfg = Debug|Any CPU
		{37EDF22B-0C75-4EC2-8390-19E484209FB7}.Debug|Any CPU.Build.0 = Debug|Any CPU
		{37EDF22B-0C75-4EC2-8390-19E484209FB7}.Release|Any CPU.ActiveCfg = Release|Any CPU
		{37EDF22B-0C75-4EC2-8390-19E484209FB7}.Release|Any CPU.Build.0 = Release|Any CPU
		{BD0219C0-6885-4C45-B854-C1BA30CEB3C5}.Debug|Any CPU.ActiveCfg = Debug|Any CPU
		{BD0219C0-6885-4C45-B854-C1BA30CEB3C5}.Debug|Any CPU.Build.0 = Debug|Any CPU
		{BD0219C0-6885-4C45-B854-C1BA30CEB3C5}.Release|Any CPU.ActiveCfg = Release|Any CPU
		{BD0219C0-6885-4C45-B854-C1BA30CEB3C5}.Release|Any CPU.Build.0 = Release|Any CPU
	EndGlobalSection
	GlobalSection(SolutionProperties) = preSolution
		HideSolutionNode = FALSE
	EndGlobalSection
	GlobalSection(ExtensibilityGlobals) = postSolution
		SolutionGuid = {3CF01BB4-3E3E-4C00-B82F-A824AE8D1677}
	EndGlobalSection
EndGlobal
